
Microsoft Visual Studio Solution File, Format Version 12.00
# Visual Studio Version 16
VisualStudioVersion = 16.0.30320.27
MinimumVisualStudioVersion = 10.0.40219.1
Project("{FAE04EC0-301F-11D3-BF4B-00C04F79EFBC}") = "Promos", "Promos\Promos.csproj", "{56FAC65C-3CEF-43BB-9349-C252F95AA64F}"
EndProject
Global
	GlobalSection(SolutionConfigurationPlatforms) = preSolution
		Debug|Any CPU = Debug|Any CPU
		Release|Any CPU = Release|Any CPU
	EndGlobalSection
	GlobalSection(ProjectConfigurationPlatforms) = postSolution
		{56FAC65C-3CEF-43BB-9349-C252F95AA64F}.Debug|Any CPU.ActiveCfg = Debug|Any CPU
		{56FAC65C-3CEF-43BB-9349-C252F95AA64F}.Debug|Any CPU.Build.0 = Debug|Any CPU
		{56FAC65C-3CEF-43BB-9349-C252F95AA64F}.Release|Any CPU.ActiveCfg = Release|Any CPU
		{56FAC65C-3CEF-43BB-9349-C252F95AA64F}.Release|Any CPU.Build.0 = Release|Any CPU
	EndGlobalSection
	GlobalSection(SolutionProperties) = preSolution
		HideSolutionNode = FALSE
	EndGlobalSection
	GlobalSection(ExtensibilityGlobals) = postSolution
		SolutionGuid = {9D045AEF-4335-4AB9-B867-49B8170479DF}
	EndGlobalSection
EndGlobal
